
Microsoft Visual Studio Solution File, Format Version 12.00
# Visual Studio Version 17
VisualStudioVersion = 17.14.36301.6 d17.14
MinimumVisualStudioVersion = 10.0.40219.1
Project("{FAE04EC0-301F-11D3-BF4B-00C04F79EFBC}") = "MineSweeper", "MineSweeper\MineSweeper.csproj", "{C9721404-CA11-4DD9-A725-88B84FCC8F6F}"
EndProject
Global
	GlobalSection(SolutionConfigurationPlatforms) = preSolution
		Debug|Any CPU = Debug|Any CPU
		Release|Any CPU = Release|Any CPU
	EndGlobalSection
	GlobalSection(ProjectConfigurationPlatforms) = postSolution
		{C9721404-CA11-4DD9-A725-88B84FCC8F6F}.Debug|Any CPU.ActiveCfg = Debug|Any CPU
		{C9721404-CA11-4DD9-A725-88B84FCC8F6F}.Debug|Any CPU.Build.0 = Debug|Any CPU
		{C9721404-CA11-4DD9-A725-88B84FCC8F6F}.Release|Any CPU.ActiveCfg = Release|Any CPU
		{C9721404-CA11-4DD9-A725-88B84FCC8F6F}.Release|Any CPU.Build.0 = Release|Any CPU
	EndGlobalSection
	GlobalSection(SolutionProperties) = preSolution
		HideSolutionNode = FALSE
	EndGlobalSection
	GlobalSection(ExtensibilityGlobals) = postSolution
		SolutionGuid = {5D7EBB3A-0FA8-45C8-A436-1A82176DE072}
	EndGlobalSection
EndGlobal
